
Microsoft Visual Studio Solution File, Format Version 12.00
# Visual Studio Version 16
VisualStudioVersion = 16.0.29613.14
MinimumVisualStudioVersion = 10.0.40219.1
Project("{9A19103F-16F7-4668-BE54-9A1E7A4F7556}") = "BoilerPlateCRUD", "BoilerPlateCRUD\BoilerPlateCRUD.csproj", "{8A3B0D1A-F270-4795-9AB0-2BEDCFF55ED2}"
EndProject
Project("{2150E333-8FDC-42A3-9474-1A3956D46DE8}") = "DataLayer", "DataLayer", "{F83ED79A-9FE5-4EA5-A9FC-35FD3B8C363F}"
EndProject
Project("{9A19103F-16F7-4668-BE54-9A1E7A4F7556}") = "Repositories", "Repositories\Repositories.csproj", "{C1EF5257-7303-440D-8730-91E6BAF03198}"
EndProject
Project("{9A19103F-16F7-4668-BE54-9A1E7A4F7556}") = "IRepositories", "IRepositories\IRepositories.csproj", "{6CB5B191-3301-49C4-8AA6-AFCFEE825C16}"
EndProject
Project("{9A19103F-16F7-4668-BE54-9A1E7A4F7556}") = "RepoContracts", "RepoContracts\RepoContracts.csproj", "{88D9F805-BFF2-4CC2-B05E-C19DA0F1A1BC}"
EndProject
Project("{2150E333-8FDC-42A3-9474-1A3956D46DE8}") = "ServiceLayer", "ServiceLayer", "{87AB2FD9-C186-44CE-A80F-9F0E49914AAD}"
EndProject
Project("{9A19103F-16F7-4668-BE54-9A1E7A4F7556}") = "ServiceContracts", "ServiceContracts\ServiceContracts.csproj", "{B9E311A8-FA1E-4D83-8217-D933153C5E66}"
EndProject
Project("{9A19103F-16F7-4668-BE54-9A1E7A4F7556}") = "IServices", "IServices\IServices.csproj", "{ACA64CA0-1EF0-4CE2-9B4F-723F62241748}"
EndProject
Project("{9A19103F-16F7-4668-BE54-9A1E7A4F7556}") = "Services", "Services\Services.csproj", "{35BD238A-F892-465A-94A3-54D60C5EF8B0}"
EndProject
Project("{2150E333-8FDC-42A3-9474-1A3956D46DE8}") = "ExternalServices", "ExternalServices", "{3BAB5F74-36CD-4913-AE5C-FED058CB6ACA}"
EndProject
Project("{9A19103F-16F7-4668-BE54-9A1E7A4F7556}") = "ExternalConnections", "ExternalConnections\ExternalConnections.csproj", "{1B371B86-D512-4A0D-9983-605704DCFF4F}"
EndProject
Project("{FAE04EC0-301F-11D3-BF4B-00C04F79EFBC}") = "Manager", "Manager\Manager.csproj", "{3823976C-274E-4FFF-95EC-F3DFC215A1DC}"
EndProject
Global
	GlobalSection(SolutionConfigurationPlatforms) = preSolution
		Debug|Any CPU = Debug|Any CPU
		Release|Any CPU = Release|Any CPU
	EndGlobalSection
	GlobalSection(ProjectConfigurationPlatforms) = postSolution
		{8A3B0D1A-F270-4795-9AB0-2BEDCFF55ED2}.Debug|Any CPU.ActiveCfg = Debug|Any CPU
		{8A3B0D1A-F270-4795-9AB0-2BEDCFF55ED2}.Debug|Any CPU.Build.0 = Debug|Any CPU
		{8A3B0D1A-F270-4795-9AB0-2BEDCFF55ED2}.Release|Any CPU.ActiveCfg = Release|Any CPU
		{8A3B0D1A-F270-4795-9AB0-2BEDCFF55ED2}.Release|Any CPU.Build.0 = Release|Any CPU
		{C1EF5257-7303-440D-8730-91E6BAF03198}.Debug|Any CPU.ActiveCfg = Debug|Any CPU
		{C1EF5257-7303-440D-8730-91E6BAF03198}.Debug|Any CPU.Build.0 = Debug|Any CPU
		{C1EF5257-7303-440D-8730-91E6BAF03198}.Release|Any CPU.ActiveCfg = Release|Any CPU
		{C1EF5257-7303-440D-8730-91E6BAF03198}.Release|Any CPU.Build.0 = Release|Any CPU
		{6CB5B191-3301-49C4-8AA6-AFCFEE825C16}.Debug|Any CPU.ActiveCfg = Debug|Any CPU
		{6CB5B191-3301-49C4-8AA6-AFCFEE825C16}.Debug|Any CPU.Build.0 = Debug|Any CPU
		{6CB5B191-3301-49C4-8AA6-AFCFEE825C16}.Release|Any CPU.ActiveCfg = Release|Any CPU
		{6CB5B191-3301-49C4-8AA6-AFCFEE825C16}.Release|Any CPU.Build.0 = Release|Any CPU
		{88D9F805-BFF2-4CC2-B05E-C19DA0F1A1BC}.Debug|Any CPU.ActiveCfg = Debug|Any CPU
		{88D9F805-BFF2-4CC2-B05E-C19DA0F1A1BC}.Debug|Any CPU.Build.0 = Debug|Any CPU
		{88D9F805-BFF2-4CC2-B05E-C19DA0F1A1BC}.Release|Any CPU.ActiveCfg = Release|Any CPU
		{88D9F805-BFF2-4CC2-B05E-C19DA0F1A1BC}.Release|Any CPU.Build.0 = Release|Any CPU
		{B9E311A8-FA1E-4D83-8217-D933153C5E66}.Debug|Any CPU.ActiveCfg = Debug|Any CPU
		{B9E311A8-FA1E-4D83-8217-D933153C5E66}.Debug|Any CPU.Build.0 = Debug|Any CPU
		{B9E311A8-FA1E-4D83-8217-D933153C5E66}.Release|Any CPU.ActiveCfg = Release|Any CPU
		{B9E311A8-FA1E-4D83-8217-D933153C5E66}.Release|Any CPU.Build.0 = Release|Any CPU
		{ACA64CA0-1EF0-4CE2-9B4F-723F62241748}.Debug|Any CPU.ActiveCfg = Debug|Any CPU
		{ACA64CA0-1EF0-4CE2-9B4F-723F62241748}.Debug|Any CPU.Build.0 = Debug|Any CPU
		{ACA64CA0-1EF0-4CE2-9B4F-723F62241748}.Release|Any CPU.ActiveCfg = Release|Any CPU
		{ACA64CA0-1EF0-4CE2-9B4F-723F62241748}.Release|Any CPU.Build.0 = Release|Any CPU
		{35BD238A-F892-465A-94A3-54D60C5EF8B0}.Debug|Any CPU.ActiveCfg = Debug|Any CPU
		{35BD238A-F892-465A-94A3-54D60C5EF8B0}.Debug|Any CPU.Build.0 = Debug|Any CPU
		{35BD238A-F892-465A-94A3-54D60C5EF8B0}.Release|Any CPU.ActiveCfg = Release|Any CPU
		{35BD238A-F892-465A-94A3-54D60C5EF8B0}.Release|Any CPU.Build.0 = Release|Any CPU
		{1B371B86-D512-4A0D-9983-605704DCFF4F}.Debug|Any CPU.ActiveCfg = Debug|Any CPU
		{1B371B86-D512-4A0D-9983-605704DCFF4F}.Debug|Any CPU.Build.0 = Debug|Any CPU
		{1B371B86-D512-4A0D-9983-605704DCFF4F}.Release|Any CPU.ActiveCfg = Release|Any CPU
		{1B371B86-D512-4A0D-9983-605704DCFF4F}.Release|Any CPU.Build.0 = Release|Any CPU
		{3823976C-274E-4FFF-95EC-F3DFC215A1DC}.Debug|Any CPU.ActiveCfg = Debug|Any CPU
		{3823976C-274E-4FFF-95EC-F3DFC215A1DC}.Debug|Any CPU.Build.0 = Debug|Any CPU
		{3823976C-274E-4FFF-95EC-F3DFC215A1DC}.Release|Any CPU.ActiveCfg = Release|Any CPU
		{3823976C-274E-4FFF-95EC-F3DFC215A1DC}.Release|Any CPU.Build.0 = Release|Any CPU
	EndGlobalSection
	GlobalSection(SolutionProperties) = preSolution
		HideSolutionNode = FALSE
	EndGlobalSection
	GlobalSection(NestedProjects) = preSolution
		{C1EF5257-7303-440D-8730-91E6BAF03198} = {F83ED79A-9FE5-4EA5-A9FC-35FD3B8C363F}
		{6CB5B191-3301-49C4-8AA6-AFCFEE825C16} = {F83ED79A-9FE5-4EA5-A9FC-35FD3B8C363F}
		{88D9F805-BFF2-4CC2-B05E-C19DA0F1A1BC} = {F83ED79A-9FE5-4EA5-A9FC-35FD3B8C363F}
		{B9E311A8-FA1E-4D83-8217-D933153C5E66} = {87AB2FD9-C186-44CE-A80F-9F0E49914AAD}
		{ACA64CA0-1EF0-4CE2-9B4F-723F62241748} = {87AB2FD9-C186-44CE-A80F-9F0E49914AAD}
		{35BD238A-F892-465A-94A3-54D60C5EF8B0} = {87AB2FD9-C186-44CE-A80F-9F0E49914AAD}
		{1B371B86-D512-4A0D-9983-605704DCFF4F} = {3BAB5F74-36CD-4913-AE5C-FED058CB6ACA}
		{3823976C-274E-4FFF-95EC-F3DFC215A1DC} = {87AB2FD9-C186-44CE-A80F-9F0E49914AAD}
	EndGlobalSection
	GlobalSection(ExtensibilityGlobals) = postSolution
		SolutionGuid = {6D3A39E0-676B-42B4-8176-FC952C3DA50A}
	EndGlobalSection
EndGlobal
